// !$*UTF8*$!
{
	archiveVersion = 1;
	classes = {
	};
	objectVersion = 50;
	objects = {

/* Begin PBXBuildFile section */
		39AE752D83D2F5AB2448A9F4 /* Pods_Punity.framework in Frameworks */ = {isa = PBXBuildFile; fileRef = 1ED03CA4B08762F26216AED3 /* Pods_Punity.framework */; };
		E00FB52522967BE50009BF9A /* AddPodcastDelegate.swift in Sources */ = {isa = PBXBuildFile; fileRef = E00FB52422967BE50009BF9A /* AddPodcastDelegate.swift */; };
		E00FB5272296850A0009BF9A /* PodcastTableViewCell.swift in Sources */ = {isa = PBXBuildFile; fileRef = E00FB5262296850A0009BF9A /* PodcastTableViewCell.swift */; };
		E0264D3222927CEB00E9D279 /* DatabaseProtocol.swift in Sources */ = {isa = PBXBuildFile; fileRef = E0264D3122927CEB00E9D279 /* DatabaseProtocol.swift */; };
		E0270FDC2297B50800AB718F /* PodcastsTableViewController.swift in Sources */ = {isa = PBXBuildFile; fileRef = E0270FDB2297B50800AB718F /* PodcastsTableViewController.swift */; };
		E0270FDE2297CBAF00AB718F /* PodcastXMLParser.swift in Sources */ = {isa = PBXBuildFile; fileRef = E0270FDD2297CBAF00AB718F /* PodcastXMLParser.swift */; };
		E02ACAFD22950BBD00524E2C /* MulticastDelegate.swift in Sources */ = {isa = PBXBuildFile; fileRef = E02ACAFC22950BBD00524E2C /* MulticastDelegate.swift */; };
		E02ACB0022952A1200524E2C /* EpisodesTableViewController.swift in Sources */ = {isa = PBXBuildFile; fileRef = E02ACAFF22952A1200524E2C /* EpisodesTableViewController.swift */; };
		E02DB86F22892D7800040441 /* Video.swift in Sources */ = {isa = PBXBuildFile; fileRef = E02DB86E22892D7800040441 /* Video.swift */; };
		E02DB87122892E7E00040441 /* Comment.swift in Sources */ = {isa = PBXBuildFile; fileRef = E02DB87022892E7E00040441 /* Comment.swift */; };
		E05061762297F18E005F1DB2 /* VideoViewController.swift in Sources */ = {isa = PBXBuildFile; fileRef = E05061752297F18E005F1DB2 /* VideoViewController.swift */; };
		E099DCD322B0E93C00FE8A11 /* ProfileViewController.swift in Sources */ = {isa = PBXBuildFile; fileRef = E099DCD222B0E93C00FE8A11 /* ProfileViewController.swift */; };
		E099DCD522B0ED9D00FE8A11 /* AddUserDelegate.swift in Sources */ = {isa = PBXBuildFile; fileRef = E099DCD422B0ED9D00FE8A11 /* AddUserDelegate.swift */; };
		E09F1960229664B900F50DED /* AddVideoDelegate.swift in Sources */ = {isa = PBXBuildFile; fileRef = E09F195F229664B900F50DED /* AddVideoDelegate.swift */; };
		E0A2218D22B1FC9D00889DA4 /* MenuTableViewController.swift in Sources */ = {isa = PBXBuildFile; fileRef = E0A2218C22B1FC9D00889DA4 /* MenuTableViewController.swift */; };
		E0A2218F22B1FE0800889DA4 /* MenuTableViewCell.swift in Sources */ = {isa = PBXBuildFile; fileRef = E0A2218E22B1FE0800889DA4 /* MenuTableViewCell.swift */; };
		E0A2219122B202AD00889DA4 /* LoginViewController.swift in Sources */ = {isa = PBXBuildFile; fileRef = E0A2219022B202AD00889DA4 /* LoginViewController.swift */; };
		E0A2219322B212B800889DA4 /* MainViewController.swift in Sources */ = {isa = PBXBuildFile; fileRef = E0A2219222B212B800889DA4 /* MainViewController.swift */; };
		E0BACEE722A8BE850011FF87 /* EpisodeTableViewCell.swift in Sources */ = {isa = PBXBuildFile; fileRef = E0BACEE622A8BE850011FF87 /* EpisodeTableViewCell.swift */; };
		E0E27B4322890444005B4F22 /* AppDelegate.swift in Sources */ = {isa = PBXBuildFile; fileRef = E0E27B4222890444005B4F22 /* AppDelegate.swift */; };
		E0E27B4522890444005B4F22 /* ViewController.swift in Sources */ = {isa = PBXBuildFile; fileRef = E0E27B4422890444005B4F22 /* ViewController.swift */; };
		E0E27B4822890444005B4F22 /* Main.storyboard in Resources */ = {isa = PBXBuildFile; fileRef = E0E27B4622890444005B4F22 /* Main.storyboard */; };
		E0E27B4A22890446005B4F22 /* Assets.xcassets in Resources */ = {isa = PBXBuildFile; fileRef = E0E27B4922890446005B4F22 /* Assets.xcassets */; };
		E0E27B4D22890446005B4F22 /* LaunchScreen.storyboard in Resources */ = {isa = PBXBuildFile; fileRef = E0E27B4B22890446005B4F22 /* LaunchScreen.storyboard */; };
		E0E27B552289134A005B4F22 /* FirebaseController.swift in Sources */ = {isa = PBXBuildFile; fileRef = E0E27B542289134A005B4F22 /* FirebaseController.swift */; };
		E0E27B5722891507005B4F22 /* GoogleService-Info.plist in Resources */ = {isa = PBXBuildFile; fileRef = E0E27B5622891507005B4F22 /* GoogleService-Info.plist */; };
		E0E27B59228916F1005B4F22 /* User.swift in Sources */ = {isa = PBXBuildFile; fileRef = E0E27B58228916F1005B4F22 /* User.swift */; };
		E0E27B5B228918A8005B4F22 /* Podcast.swift in Sources */ = {isa = PBXBuildFile; fileRef = E0E27B5A228918A8005B4F22 /* Podcast.swift */; };
/* End PBXBuildFile section */

/* Begin PBXFileReference section */
		0F0916009E39A3BC256D6314 /* Pods-Punity.release.xcconfig */ = {isa = PBXFileReference; includeInIndex = 1; lastKnownFileType = text.xcconfig; name = "Pods-Punity.release.xcconfig"; path = "Target Support Files/Pods-Punity/Pods-Punity.release.xcconfig"; sourceTree = "<group>"; };
		1ED03CA4B08762F26216AED3 /* Pods_Punity.framework */ = {isa = PBXFileReference; explicitFileType = wrapper.framework; includeInIndex = 0; path = Pods_Punity.framework; sourceTree = BUILT_PRODUCTS_DIR; };
		4335CEDC17B6001225841B00 /* Pods-Punity.debug.xcconfig */ = {isa = PBXFileReference; includeInIndex = 1; lastKnownFileType = text.xcconfig; name = "Pods-Punity.debug.xcconfig"; path = "Target Support Files/Pods-Punity/Pods-Punity.debug.xcconfig"; sourceTree = "<group>"; };
		E00FB52422967BE50009BF9A /* AddPodcastDelegate.swift */ = {isa = PBXFileReference; lastKnownFileType = sourcecode.swift; path = AddPodcastDelegate.swift; sourceTree = "<group>"; };
		E00FB5262296850A0009BF9A /* PodcastTableViewCell.swift */ = {isa = PBXFileReference; lastKnownFileType = sourcecode.swift; path = PodcastTableViewCell.swift; sourceTree = "<group>"; };
		E0264D3122927CEB00E9D279 /* DatabaseProtocol.swift */ = {isa = PBXFileReference; lastKnownFileType = sourcecode.swift; path = DatabaseProtocol.swift; sourceTree = "<group>"; };
		E0270FDB2297B50800AB718F /* PodcastsTableViewController.swift */ = {isa = PBXFileReference; lastKnownFileType = sourcecode.swift; path = PodcastsTableViewController.swift; sourceTree = "<group>"; };
		E0270FDD2297CBAF00AB718F /* PodcastXMLParser.swift */ = {isa = PBXFileReference; lastKnownFileType = sourcecode.swift; path = PodcastXMLParser.swift; sourceTree = "<group>"; };
		E02ACAFC22950BBD00524E2C /* MulticastDelegate.swift */ = {isa = PBXFileReference; lastKnownFileType = sourcecode.swift; path = MulticastDelegate.swift; sourceTree = "<group>"; };
		E02ACAFF22952A1200524E2C /* EpisodesTableViewController.swift */ = {isa = PBXFileReference; lastKnownFileType = sourcecode.swift; path = EpisodesTableViewController.swift; sourceTree = "<group>"; };
		E02DB86E22892D7800040441 /* Video.swift */ = {isa = PBXFileReference; lastKnownFileType = sourcecode.swift; path = Video.swift; sourceTree = "<group>"; };
		E02DB87022892E7E00040441 /* Comment.swift */ = {isa = PBXFileReference; lastKnownFileType = sourcecode.swift; path = Comment.swift; sourceTree = "<group>"; };
		E05061752297F18E005F1DB2 /* VideoViewController.swift */ = {isa = PBXFileReference; lastKnownFileType = sourcecode.swift; path = VideoViewController.swift; sourceTree = "<group>"; };
		E099DCD222B0E93C00FE8A11 /* ProfileViewController.swift */ = {isa = PBXFileReference; lastKnownFileType = sourcecode.swift; path = ProfileViewController.swift; sourceTree = "<group>"; };
		E099DCD422B0ED9D00FE8A11 /* AddUserDelegate.swift */ = {isa = PBXFileReference; lastKnownFileType = sourcecode.swift; path = AddUserDelegate.swift; sourceTree = "<group>"; };
		E09F195F229664B900F50DED /* AddVideoDelegate.swift */ = {isa = PBXFileReference; lastKnownFileType = sourcecode.swift; path = AddVideoDelegate.swift; sourceTree = "<group>"; };
		E0A2218C22B1FC9D00889DA4 /* MenuTableViewController.swift */ = {isa = PBXFileReference; lastKnownFileType = sourcecode.swift; path = MenuTableViewController.swift; sourceTree = "<group>"; };
		E0A2218E22B1FE0800889DA4 /* MenuTableViewCell.swift */ = {isa = PBXFileReference; lastKnownFileType = sourcecode.swift; path = MenuTableViewCell.swift; sourceTree = "<group>"; };
		E0A2219022B202AD00889DA4 /* LoginViewController.swift */ = {isa = PBXFileReference; lastKnownFileType = sourcecode.swift; path = LoginViewController.swift; sourceTree = "<group>"; };
		E0A2219222B212B800889DA4 /* MainViewController.swift */ = {isa = PBXFileReference; lastKnownFileType = sourcecode.swift; path = MainViewController.swift; sourceTree = "<group>"; };
		E0BACEE622A8BE850011FF87 /* EpisodeTableViewCell.swift */ = {isa = PBXFileReference; lastKnownFileType = sourcecode.swift; path = EpisodeTableViewCell.swift; sourceTree = "<group>"; };
		E0E27B3F22890444005B4F22 /* Punity.app */ = {isa = PBXFileReference; explicitFileType = wrapper.application; includeInIndex = 0; path = Punity.app; sourceTree = BUILT_PRODUCTS_DIR; };
		E0E27B4222890444005B4F22 /* AppDelegate.swift */ = {isa = PBXFileReference; lastKnownFileType = sourcecode.swift; path = AppDelegate.swift; sourceTree = "<group>"; };
		E0E27B4422890444005B4F22 /* ViewController.swift */ = {isa = PBXFileReference; lastKnownFileType = sourcecode.swift; path = ViewController.swift; sourceTree = "<group>"; };
		E0E27B4722890444005B4F22 /* Base */ = {isa = PBXFileReference; lastKnownFileType = file.storyboard; name = Base; path = Base.lproj/Main.storyboard; sourceTree = "<group>"; };
		E0E27B4922890446005B4F22 /* Assets.xcassets */ = {isa = PBXFileReference; lastKnownFileType = folder.assetcatalog; path = Assets.xcassets; sourceTree = "<group>"; };
		E0E27B4C22890446005B4F22 /* Base */ = {isa = PBXFileReference; lastKnownFileType = file.storyboard; name = Base; path = Base.lproj/LaunchScreen.storyboard; sourceTree = "<group>"; };
		E0E27B4E22890446005B4F22 /* Info.plist */ = {isa = PBXFileReference; lastKnownFileType = text.plist.xml; path = Info.plist; sourceTree = "<group>"; };
		E0E27B542289134A005B4F22 /* FirebaseController.swift */ = {isa = PBXFileReference; lastKnownFileType = sourcecode.swift; path = FirebaseController.swift; sourceTree = "<group>"; };
		E0E27B5622891507005B4F22 /* GoogleService-Info.plist */ = {isa = PBXFileReference; fileEncoding = 4; lastKnownFileType = text.plist.xml; path = "GoogleService-Info.plist"; sourceTree = "<group>"; };
		E0E27B58228916F1005B4F22 /* User.swift */ = {isa = PBXFileReference; lastKnownFileType = sourcecode.swift; path = User.swift; sourceTree = "<group>"; };
		E0E27B5A228918A8005B4F22 /* Podcast.swift */ = {isa = PBXFileReference; lastKnownFileType = sourcecode.swift; path = Podcast.swift; sourceTree = "<group>"; };
/* End PBXFileReference section */

/* Begin PBXFrameworksBuildPhase section */
		E0E27B3C22890444005B4F22 /* Frameworks */ = {
			isa = PBXFrameworksBuildPhase;
			buildActionMask = 2147483647;
			files = (
				39AE752D83D2F5AB2448A9F4 /* Pods_Punity.framework in Frameworks */,
			);
			runOnlyForDeploymentPostprocessing = 0;
		};
/* End PBXFrameworksBuildPhase section */

/* Begin PBXGroup section */
		5E01A7E0CEDA39143C897C0C /* Frameworks */ = {
			isa = PBXGroup;
			children = (
				1ED03CA4B08762F26216AED3 /* Pods_Punity.framework */,
			);
			name = Frameworks;
			sourceTree = "<group>";
		};
		B50368EE19DA7A7F04BA8F2E /* Pods */ = {
			isa = PBXGroup;
			children = (
				4335CEDC17B6001225841B00 /* Pods-Punity.debug.xcconfig */,
				0F0916009E39A3BC256D6314 /* Pods-Punity.release.xcconfig */,
			);
			path = Pods;
			sourceTree = "<group>";
		};
		E02DB87222892F3E00040441 /* Classes */ = {
			isa = PBXGroup;
			children = (
				E0E27B58228916F1005B4F22 /* User.swift */,
				E0E27B5A228918A8005B4F22 /* Podcast.swift */,
				E02DB86E22892D7800040441 /* Video.swift */,
				E02DB87022892E7E00040441 /* Comment.swift */,
			);
			path = Classes;
			sourceTree = "<group>";
		};
		E0E27B3622890444005B4F22 = {
			isa = PBXGroup;
			children = (
				E0E27B4122890444005B4F22 /* Punity */,
				E0E27B4022890444005B4F22 /* Products */,
				B50368EE19DA7A7F04BA8F2E /* Pods */,
				5E01A7E0CEDA39143C897C0C /* Frameworks */,
			);
			sourceTree = "<group>";
		};
		E0E27B4022890444005B4F22 /* Products */ = {
			isa = PBXGroup;
			children = (
				E0E27B3F22890444005B4F22 /* Punity.app */,
			);
			name = Products;
			sourceTree = "<group>";
		};
		E0E27B4122890444005B4F22 /* Punity */ = {
			isa = PBXGroup;
			children = (
				E02DB87222892F3E00040441 /* Classes */,
				E0E27B4222890444005B4F22 /* AppDelegate.swift */,
				E0E27B4422890444005B4F22 /* ViewController.swift */,
				E0E27B4622890444005B4F22 /* Main.storyboard */,
				E0E27B4922890446005B4F22 /* Assets.xcassets */,
				E0E27B4B22890446005B4F22 /* LaunchScreen.storyboard */,
				E0E27B4E22890446005B4F22 /* Info.plist */,
				E0E27B5622891507005B4F22 /* GoogleService-Info.plist */,
				E0E27B542289134A005B4F22 /* FirebaseController.swift */,
				E0264D3122927CEB00E9D279 /* DatabaseProtocol.swift */,
				E02ACAFC22950BBD00524E2C /* MulticastDelegate.swift */,
				E02ACAFF22952A1200524E2C /* EpisodesTableViewController.swift */,
				E09F195F229664B900F50DED /* AddVideoDelegate.swift */,
				E00FB52422967BE50009BF9A /* AddPodcastDelegate.swift */,
				E00FB5262296850A0009BF9A /* PodcastTableViewCell.swift */,
				E0270FDB2297B50800AB718F /* PodcastsTableViewController.swift */,
				E0270FDD2297CBAF00AB718F /* PodcastXMLParser.swift */,
				E05061752297F18E005F1DB2 /* VideoViewController.swift */,
				E0BACEE622A8BE850011FF87 /* EpisodeTableViewCell.swift */,
				E099DCD222B0E93C00FE8A11 /* ProfileViewController.swift */,
				E099DCD422B0ED9D00FE8A11 /* AddUserDelegate.swift */,
				E0A2218C22B1FC9D00889DA4 /* MenuTableViewController.swift */,
				E0A2218E22B1FE0800889DA4 /* MenuTableViewCell.swift */,
				E0A2219022B202AD00889DA4 /* LoginViewController.swift */,
				E0A2219222B212B800889DA4 /* MainViewController.swift */,
			);
			path = Punity;
			sourceTree = "<group>";
		};
/* End PBXGroup section */

/* Begin PBXNativeTarget section */
		E0E27B3E22890444005B4F22 /* Punity */ = {
			isa = PBXNativeTarget;
			buildConfigurationList = E0E27B5122890446005B4F22 /* Build configuration list for PBXNativeTarget "Punity" */;
			buildPhases = (
				929B097B06B9358686902376 /* [CP] Check Pods Manifest.lock */,
				E0E27B3B22890444005B4F22 /* Sources */,
				E0E27B3C22890444005B4F22 /* Frameworks */,
				E0E27B3D22890444005B4F22 /* Resources */,
				AC43E79559AF5D37FEF0050A /* [CP] Embed Pods Frameworks */,
			);
			buildRules = (
			);
			dependencies = (
			);
			name = Punity;
			productName = Punity;
			productReference = E0E27B3F22890444005B4F22 /* Punity.app */;
			productType = "com.apple.product-type.application";
		};
/* End PBXNativeTarget section */

/* Begin PBXProject section */
		E0E27B3722890444005B4F22 /* Project object */ = {
			isa = PBXProject;
			attributes = {
				LastSwiftUpdateCheck = 1010;
				LastUpgradeCheck = 1010;
				ORGANIZATIONNAME = "Monash University";
				TargetAttributes = {
					E0E27B3E22890444005B4F22 = {
						CreatedOnToolsVersion = 10.1;
					};
				};
			};
			buildConfigurationList = E0E27B3A22890444005B4F22 /* Build configuration list for PBXProject "Punity" */;
			compatibilityVersion = "Xcode 9.3";
			developmentRegion = en;
			hasScannedForEncodings = 0;
			knownRegions = (
				en,
				Base,
			);
			mainGroup = E0E27B3622890444005B4F22;
			productRefGroup = E0E27B4022890444005B4F22 /* Products */;
			projectDirPath = "";
			projectRoot = "";
			targets = (
				E0E27B3E22890444005B4F22 /* Punity */,
			);
		};
/* End PBXProject section */

/* Begin PBXResourcesBuildPhase section */
		E0E27B3D22890444005B4F22 /* Resources */ = {
			isa = PBXResourcesBuildPhase;
			buildActionMask = 2147483647;
			files = (
				E0E27B4D22890446005B4F22 /* LaunchScreen.storyboard in Resources */,
				E0E27B5722891507005B4F22 /* GoogleService-Info.plist in Resources */,
				E0E27B4A22890446005B4F22 /* Assets.xcassets in Resources */,
				E0E27B4822890444005B4F22 /* Main.storyboard in Resources */,
			);
			runOnlyForDeploymentPostprocessing = 0;
		};
/* End PBXResourcesBuildPhase section */

/* Begin PBXShellScriptBuildPhase section */
		929B097B06B9358686902376 /* [CP] Check Pods Manifest.lock */ = {
			isa = PBXShellScriptBuildPhase;
			buildActionMask = 2147483647;
			files = (
			);
			inputFileListPaths = (
			);
			inputPaths = (
				"${PODS_PODFILE_DIR_PATH}/Podfile.lock",
				"${PODS_ROOT}/Manifest.lock",
			);
			name = "[CP] Check Pods Manifest.lock";
			outputFileListPaths = (
			);
			outputPaths = (
				"$(DERIVED_FILE_DIR)/Pods-Punity-checkManifestLockResult.txt",
			);
			runOnlyForDeploymentPostprocessing = 0;
			shellPath = /bin/sh;
			shellScript = "diff \"${PODS_PODFILE_DIR_PATH}/Podfile.lock\" \"${PODS_ROOT}/Manifest.lock\" > /dev/null\nif [ $? != 0 ] ; then\n    # print error to STDERR\n    echo \"error: The sandbox is not in sync with the Podfile.lock. Run 'pod install' or update your CocoaPods installation.\" >&2\n    exit 1\nfi\n# This output is used by Xcode 'outputs' to avoid re-running this script phase.\necho \"SUCCESS\" > \"${SCRIPT_OUTPUT_FILE_0}\"\n";
			showEnvVarsInLog = 0;
		};
		AC43E79559AF5D37FEF0050A /* [CP] Embed Pods Frameworks */ = {
			isa = PBXShellScriptBuildPhase;
			buildActionMask = 2147483647;
			files = (
			);
			inputFileListPaths = (
			);
			inputPaths = (
				"${PODS_ROOT}/Target Support Files/Pods-Punity/Pods-Punity-frameworks.sh",
				"${BUILT_PRODUCTS_DIR}/Alamofire/Alamofire.framework",
				"${BUILT_PRODUCTS_DIR}/AlamofireRSSParser/AlamofireRSSParser.framework",
				"${BUILT_PRODUCTS_DIR}/BoringSSL-GRPC/openssl_grpc.framework",
				"${BUILT_PRODUCTS_DIR}/GTMSessionFetcher/GTMSessionFetcher.framework",
				"${BUILT_PRODUCTS_DIR}/GoogleUtilities/GoogleUtilities.framework",
				"${BUILT_PRODUCTS_DIR}/Protobuf/Protobuf.framework",
				"${BUILT_PRODUCTS_DIR}/SwiftyXMLParser/SwiftyXMLParser.framework",
				"${BUILT_PRODUCTS_DIR}/gRPC-C++/grpcpp.framework",
				"${BUILT_PRODUCTS_DIR}/gRPC-Core/grpc.framework",
				"${BUILT_PRODUCTS_DIR}/leveldb-library/leveldb.framework",
				"${BUILT_PRODUCTS_DIR}/nanopb/nanopb.framework",
			);
			name = "[CP] Embed Pods Frameworks";
			outputFileListPaths = (
			);
			outputPaths = (
				"${TARGET_BUILD_DIR}/${FRAMEWORKS_FOLDER_PATH}/Alamofire.framework",
				"${TARGET_BUILD_DIR}/${FRAMEWORKS_FOLDER_PATH}/AlamofireRSSParser.framework",
				"${TARGET_BUILD_DIR}/${FRAMEWORKS_FOLDER_PATH}/openssl_grpc.framework",
				"${TARGET_BUILD_DIR}/${FRAMEWORKS_FOLDER_PATH}/GTMSessionFetcher.framework",
				"${TARGET_BUILD_DIR}/${FRAMEWORKS_FOLDER_PATH}/GoogleUtilities.framework",
				"${TARGET_BUILD_DIR}/${FRAMEWORKS_FOLDER_PATH}/Protobuf.framework",
				"${TARGET_BUILD_DIR}/${FRAMEWORKS_FOLDER_PATH}/SwiftyXMLParser.framework",
				"${TARGET_BUILD_DIR}/${FRAMEWORKS_FOLDER_PATH}/grpcpp.framework",
				"${TARGET_BUILD_DIR}/${FRAMEWORKS_FOLDER_PATH}/grpc.framework",
				"${TARGET_BUILD_DIR}/${FRAMEWORKS_FOLDER_PATH}/leveldb.framework",
				"${TARGET_BUILD_DIR}/${FRAMEWORKS_FOLDER_PATH}/nanopb.framework",
			);
			runOnlyForDeploymentPostprocessing = 0;
			shellPath = /bin/sh;
			shellScript = "\"${PODS_ROOT}/Target Support Files/Pods-Punity/Pods-Punity-frameworks.sh\"\n";
			showEnvVarsInLog = 0;
		};
/* End PBXShellScriptBuildPhase section */

/* Begin PBXSourcesBuildPhase section */
		E0E27B3B22890444005B4F22 /* Sources */ = {
			isa = PBXSourcesBuildPhase;
			buildActionMask = 2147483647;
			files = (
				E0264D3222927CEB00E9D279 /* DatabaseProtocol.swift in Sources */,
				E0A2219322B212B800889DA4 /* MainViewController.swift in Sources */,
				E0E27B59228916F1005B4F22 /* User.swift in Sources */,
				E0A2218F22B1FE0800889DA4 /* MenuTableViewCell.swift in Sources */,
				E02DB86F22892D7800040441 /* Video.swift in Sources */,
				E099DCD522B0ED9D00FE8A11 /* AddUserDelegate.swift in Sources */,
				E0E27B552289134A005B4F22 /* FirebaseController.swift in Sources */,
				E0270FDE2297CBAF00AB718F /* PodcastXMLParser.swift in Sources */,
				E02DB87122892E7E00040441 /* Comment.swift in Sources */,
				E099DCD322B0E93C00FE8A11 /* ProfileViewController.swift in Sources */,
				E0E27B4522890444005B4F22 /* ViewController.swift in Sources */,
				E0A2219122B202AD00889DA4 /* LoginViewController.swift in Sources */,
				E00FB52522967BE50009BF9A /* AddPodcastDelegate.swift in Sources */,
				E0E27B4322890444005B4F22 /* AppDelegate.swift in Sources */,
				E02ACB0022952A1200524E2C /* EpisodesTableViewController.swift in Sources */,
				E0A2218D22B1FC9D00889DA4 /* MenuTableViewController.swift in Sources */,
				E0BACEE722A8BE850011FF87 /* EpisodeTableViewCell.swift in Sources */,
				E05061762297F18E005F1DB2 /* VideoViewController.swift in Sources */,
				E09F1960229664B900F50DED /* AddVideoDelegate.swift in Sources */,
				E0270FDC2297B50800AB718F /* PodcastsTableViewController.swift in Sources */,
				E00FB5272296850A0009BF9A /* PodcastTableViewCell.swift in Sources */,
				E0E27B5B228918A8005B4F22 /* Podcast.swift in Sources */,
				E02ACAFD22950BBD00524E2C /* MulticastDelegate.swift in Sources */,
			);
			runOnlyForDeploymentPostprocessing = 0;
		};
/* End PBXSourcesBuildPhase section */

/* Begin PBXVariantGroup section */
		E0E27B4622890444005B4F22 /* Main.storyboard */ = {
			isa = PBXVariantGroup;
			children = (
				E0E27B4722890444005B4F22 /* Base */,
			);
			name = Main.storyboard;
			sourceTree = "<group>";
		};
		E0E27B4B22890446005B4F22 /* LaunchScreen.storyboard */ = {
			isa = PBXVariantGroup;
			children = (
				E0E27B4C22890446005B4F22 /* Base */,
			);
			name = LaunchScreen.storyboard;
			sourceTree = "<group>";
		};
/* End PBXVariantGroup section */

/* Begin XCBuildConfiguration section */
		E0E27B4F22890446005B4F22 /* Debug */ = {
			isa = XCBuildConfiguration;
			buildSettings = {
				ALWAYS_SEARCH_USER_PATHS = NO;
				CLANG_ANALYZER_NONNULL = YES;
				CLANG_ANALYZER_NUMBER_OBJECT_CONVERSION = YES_AGGRESSIVE;
				CLANG_CXX_LANGUAGE_STANDARD = "gnu++14";
				CLANG_CXX_LIBRARY = "libc++";
				CLANG_ENABLE_MODULES = YES;
				CLANG_ENABLE_OBJC_ARC = YES;
				CLANG_ENABLE_OBJC_WEAK = YES;
				CLANG_WARN_BLOCK_CAPTURE_AUTORELEASING = YES;
				CLANG_WARN_BOOL_CONVERSION = YES;
				CLANG_WARN_COMMA = YES;
				CLANG_WARN_CONSTANT_CONVERSION = YES;
				CLANG_WARN_DEPRECATED_OBJC_IMPLEMENTATIONS = YES;
				CLANG_WARN_DIRECT_OBJC_ISA_USAGE = YES_ERROR;
				CLANG_WARN_DOCUMENTATION_COMMENTS = YES;
				CLANG_WARN_EMPTY_BODY = YES;
				CLANG_WARN_ENUM_CONVERSION = YES;
				CLANG_WARN_INFINITE_RECURSION = YES;
				CLANG_WARN_INT_CONVERSION = YES;
				CLANG_WARN_NON_LITERAL_NULL_CONVERSION = YES;
				CLANG_WARN_OBJC_IMPLICIT_RETAIN_SELF = YES;
				CLANG_WARN_OBJC_LITERAL_CONVERSION = YES;
				CLANG_WARN_OBJC_ROOT_CLASS = YES_ERROR;
				CLANG_WARN_RANGE_LOOP_ANALYSIS = YES;
				CLANG_WARN_STRICT_PROTOTYPES = YES;
				CLANG_WARN_SUSPICIOUS_MOVE = YES;
				CLANG_WARN_UNGUARDED_AVAILABILITY = YES_AGGRESSIVE;
				CLANG_WARN_UNREACHABLE_CODE = YES;
				CLANG_WARN__DUPLICATE_METHOD_MATCH = YES;
				CODE_SIGN_IDENTITY = "iPhone Developer";
				COPY_PHASE_STRIP = NO;
				DEBUG_INFORMATION_FORMAT = dwarf;
				ENABLE_STRICT_OBJC_MSGSEND = YES;
				ENABLE_TESTABILITY = YES;
				GCC_C_LANGUAGE_STANDARD = gnu11;
				GCC_DYNAMIC_NO_PIC = NO;
				GCC_NO_COMMON_BLOCKS = YES;
				GCC_OPTIMIZATION_LEVEL = 0;
				GCC_PREPROCESSOR_DEFINITIONS = (
					"DEBUG=1",
					"$(inherited)",
				);
				GCC_WARN_64_TO_32_BIT_CONVERSION = YES;
				GCC_WARN_ABOUT_RETURN_TYPE = YES_ERROR;
				GCC_WARN_UNDECLARED_SELECTOR = YES;
				GCC_WARN_UNINITIALIZED_AUTOS = YES_AGGRESSIVE;
				GCC_WARN_UNUSED_FUNCTION = YES;
				GCC_WARN_UNUSED_VARIABLE = YES;
				IPHONEOS_DEPLOYMENT_TARGET = 12.1;
				MTL_ENABLE_DEBUG_INFO = INCLUDE_SOURCE;
				MTL_FAST_MATH = YES;
				ONLY_ACTIVE_ARCH = YES;
				SDKROOT = iphoneos;
				SWIFT_ACTIVE_COMPILATION_CONDITIONS = DEBUG;
				SWIFT_OPTIMIZATION_LEVEL = "-Onone";
			};
			name = Debug;
		};
		E0E27B5022890446005B4F22 /* Release */ = {
			isa = XCBuildConfiguration;
			buildSettings = {
				ALWAYS_SEARCH_USER_PATHS = NO;
				CLANG_ANALYZER_NONNULL = YES;
				CLANG_ANALYZER_NUMBER_OBJECT_CONVERSION = YES_AGGRESSIVE;
				CLANG_CXX_LANGUAGE_STANDARD = "gnu++14";
				CLANG_CXX_LIBRARY = "libc++";
				CLANG_ENABLE_MODULES = YES;
				CLANG_ENABLE_OBJC_ARC = YES;
				CLANG_ENABLE_OBJC_WEAK = YES;
				CLANG_WARN_BLOCK_CAPTURE_AUTORELEASING = YES;
				CLANG_WARN_BOOL_CONVERSION = YES;
				CLANG_WARN_COMMA = YES;
				CLANG_WARN_CONSTANT_CONVERSION = YES;
				CLANG_WARN_DEPRECATED_OBJC_IMPLEMENTATIONS = YES;
				CLANG_WARN_DIRECT_OBJC_ISA_USAGE = YES_ERROR;
				CLANG_WARN_DOCUMENTATION_COMMENTS = YES;
				CLANG_WARN_EMPTY_BODY = YES;
				CLANG_WARN_ENUM_CONVERSION = YES;
				CLANG_WARN_INFINITE_RECURSION = YES;
				CLANG_WARN_INT_CONVERSION = YES;
				CLANG_WARN_NON_LITERAL_NULL_CONVERSION = YES;
				CLANG_WARN_OBJC_IMPLICIT_RETAIN_SELF = YES;
				CLANG_WARN_OBJC_LITERAL_CONVERSION = YES;
				CLANG_WARN_OBJC_ROOT_CLASS = YES_ERROR;
				CLANG_WARN_RANGE_LOOP_ANALYSIS = YES;
				CLANG_WARN_STRICT_PROTOTYPES = YES;
				CLANG_WARN_SUSPICIOUS_MOVE = YES;
				CLANG_WARN_UNGUARDED_AVAILABILITY = YES_AGGRESSIVE;
				CLANG_WARN_UNREACHABLE_CODE = YES;
				CLANG_WARN__DUPLICATE_METHOD_MATCH = YES;
				CODE_SIGN_IDENTITY = "iPhone Developer";
				COPY_PHASE_STRIP = NO;
				DEBUG_INFORMATION_FORMAT = "dwarf-with-dsym";
				ENABLE_NS_ASSERTIONS = NO;
				ENABLE_STRICT_OBJC_MSGSEND = YES;
				GCC_C_LANGUAGE_STANDARD = gnu11;
				GCC_NO_COMMON_BLOCKS = YES;
				GCC_WARN_64_TO_32_BIT_CONVERSION = YES;
				GCC_WARN_ABOUT_RETURN_TYPE = YES_ERROR;
				GCC_WARN_UNDECLARED_SELECTOR = YES;
				GCC_WARN_UNINITIALIZED_AUTOS = YES_AGGRESSIVE;
				GCC_WARN_UNUSED_FUNCTION = YES;
				GCC_WARN_UNUSED_VARIABLE = YES;
				IPHONEOS_DEPLOYMENT_TARGET = 12.1;
				MTL_ENABLE_DEBUG_INFO = NO;
				MTL_FAST_MATH = YES;
				SDKROOT = iphoneos;
				SWIFT_COMPILATION_MODE = wholemodule;
				SWIFT_OPTIMIZATION_LEVEL = "-O";
				VALIDATE_PRODUCT = YES;
			};
			name = Release;
		};
		E0E27B5222890446005B4F22 /* Debug */ = {
			isa = XCBuildConfiguration;
			baseConfigurationReference = 4335CEDC17B6001225841B00 /* Pods-Punity.debug.xcconfig */;
			buildSettings = {
				ASSETCATALOG_COMPILER_APPICON_NAME = AppIcon;
				CODE_SIGN_STYLE = Automatic;
				INFOPLIST_FILE = Punity/Info.plist;
				LD_RUNPATH_SEARCH_PATHS = (
					"$(inherited)",
					"@executable_path/Frameworks",
				);
				PRODUCT_BUNDLE_IDENTIFIER = Monash.Punity;
				PRODUCT_NAME = "$(TARGET_NAME)";
				SWIFT_VERSION = 4.2;
				TARGETED_DEVICE_FAMILY = "1,2";
			};
			name = Debug;
		};
		E0E27B5322890446005B4F22 /* Release */ = {
			isa = XCBuildConfiguration;
			baseConfigurationReference = 0F0916009E39A3BC256D6314 /* Pods-Punity.release.xcconfig */;
			buildSettings = {
				ASSETCATALOG_COMPILER_APPICON_NAME = AppIcon;
				CODE_SIGN_STYLE = Automatic;
				INFOPLIST_FILE = Punity/Info.plist;
				LD_RUNPATH_SEARCH_PATHS = (
					"$(inherited)",
					"@executable_path/Frameworks",
				);
				PRODUCT_BUNDLE_IDENTIFIER = Monash.Punity;
				PRODUCT_NAME = "$(TARGET_NAME)";
				SWIFT_VERSION = 4.2;
				TARGETED_DEVICE_FAMILY = "1,2";
			};
			name = Release;
		};
/* End XCBuildConfiguration section */

/* Begin XCConfigurationList section */
		E0E27B3A22890444005B4F22 /* Build configuration list for PBXProject "Punity" */ = {
			isa = XCConfigurationList;
			buildConfigurations = (
				E0E27B4F22890446005B4F22 /* Debug */,
				E0E27B5022890446005B4F22 /* Release */,
			);
			defaultConfigurationIsVisible = 0;
			defaultConfigurationName = Release;
		};
		E0E27B5122890446005B4F22 /* Build configuration list for PBXNativeTarget "Punity" */ = {
			isa = XCConfigurationList;
			buildConfigurations = (
				E0E27B5222890446005B4F22 /* Debug */,
				E0E27B5322890446005B4F22 /* Release */,
			);
			defaultConfigurationIsVisible = 0;
			defaultConfigurationName = Release;
		};
/* End XCConfigurationList section */
	};
	rootObject = E0E27B3722890444005B4F22 /* Project object */;
}
